{
  "name": "TrailMix",
  "lockfileVersion": 2,
  "requires": true,
  "packages": {
    "": {
      "dependencies": {
        "@chakra-ui/radio": "^2.1.2"
      }
    },
    "node_modules/@chakra-ui/form-control": {
      "version": "2.2.0",
      "resolved": "https://registry.npmjs.org/@chakra-ui/form-control/-/form-control-2.2.0.tgz",
      "integrity": "sha512-wehLC1t4fafCVJ2RvJQT2jyqsAwX7KymmiGqBu7nQoQz8ApTkGABWpo/QwDh3F/dBLrouHDoOvGmYTqft3Mirw==",
      "dependencies": {
        "@chakra-ui/icon": "3.2.0",
        "@chakra-ui/react-context": "2.1.0",
        "@chakra-ui/react-types": "2.0.7",
        "@chakra-ui/react-use-merge-refs": "2.1.0",
        "@chakra-ui/shared-utils": "2.0.5"
      },
      "peerDependencies": {
        "@chakra-ui/system": ">=2.0.0",
        "react": ">=18"
      }
    },
    "node_modules/@chakra-ui/icon": {
      "version": "3.2.0",
      "resolved": "https://registry.npmjs.org/@chakra-ui/icon/-/icon-3.2.0.tgz",
      "integrity": "sha512-xxjGLvlX2Ys4H0iHrI16t74rG9EBcpFvJ3Y3B7KMQTrnW34Kf7Da/UC8J67Gtx85mTHW020ml85SVPKORWNNKQ==",
      "dependencies": {
        "@chakra-ui/shared-utils": "2.0.5"
      },
      "peerDependencies": {
        "@chakra-ui/system": ">=2.0.0",
        "react": ">=18"
      }
    },
    "node_modules/@chakra-ui/radio": {
      "version": "2.1.2",
      "resolved": "https://registry.npmjs.org/@chakra-ui/radio/-/radio-2.1.2.tgz",
      "integrity": "sha512-n10M46wJrMGbonaghvSRnZ9ToTv/q76Szz284gv4QUWvyljQACcGrXIONUnQ3BIwbOfkRqSk7Xl/JgZtVfll+w==",
      "dependencies": {
        "@chakra-ui/form-control": "2.2.0",
        "@chakra-ui/react-context": "2.1.0",
        "@chakra-ui/react-types": "2.0.7",
        "@chakra-ui/react-use-merge-refs": "2.1.0",
        "@chakra-ui/shared-utils": "2.0.5",
        "@zag-js/focus-visible": "0.16.0"
      },
      "peerDependencies": {
        "@chakra-ui/system": ">=2.0.0",
        "react": ">=18"
      }
    },
    "node_modules/@chakra-ui/radio/node_modules/@zag-js/dom-query": {
      "version": "0.16.0",
      "resolved": "https://registry.npmjs.org/@zag-js/dom-query/-/dom-query-0.16.0.tgz",
      "integrity": "sha512-Oqhd6+biWyKnhKwFFuZrrf6lxBz2tX2pRQe6grUnYwO6HJ8BcbqZomy2lpOdr+3itlaUqx+Ywj5E5ZZDr/LBfQ=="
    },
    "node_modules/@chakra-ui/radio/node_modules/@zag-js/focus-visible": {
      "version": "0.16.0",
      "resolved": "https://registry.npmjs.org/@zag-js/focus-visible/-/focus-visible-0.16.0.tgz",
      "integrity": "sha512-a7U/HSopvQbrDU4GLerpqiMcHKEkQkNPeDZJWz38cw/6Upunh41GjHetq5TB84hxyCaDzJ6q2nEdNoBQfC0FKA==",
      "dependencies": {
        "@zag-js/dom-query": "0.16.0"
      }
    },
    "node_modules/@chakra-ui/react-context": {
      "version": "2.1.0",
      "resolved": "https://registry.npmjs.org/@chakra-ui/react-context/-/react-context-2.1.0.tgz",
      "integrity": "sha512-iahyStvzQ4AOwKwdPReLGfDesGG+vWJfEsn0X/NoGph/SkN+HXtv2sCfYFFR9k7bb+Kvc6YfpLlSuLvKMHi2+w==",
      "peerDependencies": {
        "react": ">=18"
      }
    },
    "node_modules/@chakra-ui/react-types": {
      "version": "2.0.7",
      "resolved": "https://registry.npmjs.org/@chakra-ui/react-types/-/react-types-2.0.7.tgz",
      "integrity": "sha512-12zv2qIZ8EHwiytggtGvo4iLT0APris7T0qaAWqzpUGS0cdUtR8W+V1BJ5Ocq+7tA6dzQ/7+w5hmXih61TuhWQ==",
      "peerDependencies": {
        "react": ">=18"
      }
    },
    "node_modules/@chakra-ui/react-use-merge-refs": {
      "version": "2.1.0",
      "resolved": "https://registry.npmjs.org/@chakra-ui/react-use-merge-refs/-/react-use-merge-refs-2.1.0.tgz",
      "integrity": "sha512-lERa6AWF1cjEtWSGjxWTaSMvneccnAVH4V4ozh8SYiN9fSPZLlSG3kNxfNzdFvMEhM7dnP60vynF7WjGdTgQbQ==",
      "peerDependencies": {
        "react": ">=18"
      }
    },
    "node_modules/@chakra-ui/shared-utils": {
      "version": "2.0.5",
      "resolved": "https://registry.npmjs.org/@chakra-ui/shared-utils/-/shared-utils-2.0.5.tgz",
      "integrity": "sha512-4/Wur0FqDov7Y0nCXl7HbHzCg4aq86h+SXdoUeuCMD3dSj7dpsVnStLYhng1vxvlbUnLpdF4oz5Myt3i/a7N3Q=="
    }
  },
  "dependencies": {
    "@chakra-ui/form-control": {
      "version": "2.2.0",
      "resolved": "https://registry.npmjs.org/@chakra-ui/form-control/-/form-control-2.2.0.tgz",
      "integrity": "sha512-wehLC1t4fafCVJ2RvJQT2jyqsAwX7KymmiGqBu7nQoQz8ApTkGABWpo/QwDh3F/dBLrouHDoOvGmYTqft3Mirw==",
      "requires": {
        "@chakra-ui/icon": "3.2.0",
        "@chakra-ui/react-context": "2.1.0",
        "@chakra-ui/react-types": "2.0.7",
        "@chakra-ui/react-use-merge-refs": "2.1.0",
        "@chakra-ui/shared-utils": "2.0.5"
      }
    },
    "@chakra-ui/icon": {
      "version": "3.2.0",
      "resolved": "https://registry.npmjs.org/@chakra-ui/icon/-/icon-3.2.0.tgz",
      "integrity": "sha512-xxjGLvlX2Ys4H0iHrI16t74rG9EBcpFvJ3Y3B7KMQTrnW34Kf7Da/UC8J67Gtx85mTHW020ml85SVPKORWNNKQ==",
      "requires": {
        "@chakra-ui/shared-utils": "2.0.5"
      }
    },
    "@chakra-ui/radio": {
      "version": "2.1.2",
      "resolved": "https://registry.npmjs.org/@chakra-ui/radio/-/radio-2.1.2.tgz",
      "integrity": "sha512-n10M46wJrMGbonaghvSRnZ9ToTv/q76Szz284gv4QUWvyljQACcGrXIONUnQ3BIwbOfkRqSk7Xl/JgZtVfll+w==",
      "requires": {
        "@chakra-ui/form-control": "2.2.0",
        "@chakra-ui/react-context": "2.1.0",
        "@chakra-ui/react-types": "2.0.7",
        "@chakra-ui/react-use-merge-refs": "2.1.0",
        "@chakra-ui/shared-utils": "2.0.5",
        "@zag-js/focus-visible": "0.16.0"
      },
      "dependencies": {
        "@zag-js/dom-query": {
          "version": "0.16.0",
          "resolved": "https://registry.npmjs.org/@zag-js/dom-query/-/dom-query-0.16.0.tgz",
          "integrity": "sha512-Oqhd6+biWyKnhKwFFuZrrf6lxBz2tX2pRQe6grUnYwO6HJ8BcbqZomy2lpOdr+3itlaUqx+Ywj5E5ZZDr/LBfQ=="
        },
        "@zag-js/focus-visible": {
          "version": "0.16.0",
          "resolved": "https://registry.npmjs.org/@zag-js/focus-visible/-/focus-visible-0.16.0.tgz",
          "integrity": "sha512-a7U/HSopvQbrDU4GLerpqiMcHKEkQkNPeDZJWz38cw/6Upunh41GjHetq5TB84hxyCaDzJ6q2nEdNoBQfC0FKA==",
          "requires": {
            "@zag-js/dom-query": "0.16.0"
          }
        }
      }
    },
    "@chakra-ui/react-context": {
      "version": "2.1.0",
      "resolved": "https://registry.npmjs.org/@chakra-ui/react-context/-/react-context-2.1.0.tgz",
      "integrity": "sha512-iahyStvzQ4AOwKwdPReLGfDesGG+vWJfEsn0X/NoGph/SkN+HXtv2sCfYFFR9k7bb+Kvc6YfpLlSuLvKMHi2+w=="
    },
    "@chakra-ui/react-types": {
      "version": "2.0.7",
      "resolved": "https://registry.npmjs.org/@chakra-ui/react-types/-/react-types-2.0.7.tgz",
      "integrity": "sha512-12zv2qIZ8EHwiytggtGvo4iLT0APris7T0qaAWqzpUGS0cdUtR8W+V1BJ5Ocq+7tA6dzQ/7+w5hmXih61TuhWQ=="
    },
    "@chakra-ui/react-use-merge-refs": {
      "version": "2.1.0",
      "resolved": "https://registry.npmjs.org/@chakra-ui/react-use-merge-refs/-/react-use-merge-refs-2.1.0.tgz",
      "integrity": "sha512-lERa6AWF1cjEtWSGjxWTaSMvneccnAVH4V4ozh8SYiN9fSPZLlSG3kNxfNzdFvMEhM7dnP60vynF7WjGdTgQbQ=="
    },
    "@chakra-ui/shared-utils": {
      "version": "2.0.5",
      "resolved": "https://registry.npmjs.org/@chakra-ui/shared-utils/-/shared-utils-2.0.5.tgz",
      "integrity": "sha512-4/Wur0FqDov7Y0nCXl7HbHzCg4aq86h+SXdoUeuCMD3dSj7dpsVnStLYhng1vxvlbUnLpdF4oz5Myt3i/a7N3Q=="
    }
  }
}
